
Microsoft Visual Studio Solution File, Format Version 12.00
# Visual Studio 15
VisualStudioVersion = 15.0.28307.852
MinimumVisualStudioVersion = 10.0.40219.1
Project("{FAE04EC0-301F-11D3-BF4B-00C04F79EFBC}") = "State_pattern", "State_pattern\State_pattern.csproj", "{0437AB9F-FA7B-431B-A528-84207B09C504}"
EndProject
Global
	GlobalSection(SolutionConfigurationPlatforms) = preSolution
		Debug|Any CPU = Debug|Any CPU
		Release|Any CPU = Release|Any CPU
	EndGlobalSection
	GlobalSection(ProjectConfigurationPlatforms) = postSolution
		{0437AB9F-FA7B-431B-A528-84207B09C504}.Debug|Any CPU.ActiveCfg = Debug|Any CPU
		{0437AB9F-FA7B-431B-A528-84207B09C504}.Debug|Any CPU.Build.0 = Debug|Any CPU
		{0437AB9F-FA7B-431B-A528-84207B09C504}.Release|Any CPU.ActiveCfg = Release|Any CPU
		{0437AB9F-FA7B-431B-A528-84207B09C504}.Release|Any CPU.Build.0 = Release|Any CPU
	EndGlobalSection
	GlobalSection(SolutionProperties) = preSolution
		HideSolutionNode = FALSE
	EndGlobalSection
	GlobalSection(ExtensibilityGlobals) = postSolution
		SolutionGuid = {8D0FB99E-7302-4529-ABBF-69A56FE8377F}
	EndGlobalSection
EndGlobal
