
Microsoft Visual Studio Solution File, Format Version 12.00
# Visual Studio Version 16
VisualStudioVersion = 16.0.30011.22
MinimumVisualStudioVersion = 10.0.40219.1
Project("{FAE04EC0-301F-11D3-BF4B-00C04F79EFBC}") = "factory_pattern_try2", "factory_pattern_try2\factory_pattern_try2.csproj", "{8C89F7F9-A0B6-426D-8432-00DF0B12B5FB}"
EndProject
Global
	GlobalSection(SolutionConfigurationPlatforms) = preSolution
		Debug|Any CPU = Debug|Any CPU
		Release|Any CPU = Release|Any CPU
	EndGlobalSection
	GlobalSection(ProjectConfigurationPlatforms) = postSolution
		{8C89F7F9-A0B6-426D-8432-00DF0B12B5FB}.Debug|Any CPU.ActiveCfg = Debug|Any CPU
		{8C89F7F9-A0B6-426D-8432-00DF0B12B5FB}.Debug|Any CPU.Build.0 = Debug|Any CPU
		{8C89F7F9-A0B6-426D-8432-00DF0B12B5FB}.Release|Any CPU.ActiveCfg = Release|Any CPU
		{8C89F7F9-A0B6-426D-8432-00DF0B12B5FB}.Release|Any CPU.Build.0 = Release|Any CPU
	EndGlobalSection
	GlobalSection(SolutionProperties) = preSolution
		HideSolutionNode = FALSE
	EndGlobalSection
	GlobalSection(ExtensibilityGlobals) = postSolution
		SolutionGuid = {69F5A5ED-CEF1-4E6F-A1E9-DE11886F4848}
	EndGlobalSection
EndGlobal
