
Microsoft Visual Studio Solution File, Format Version 12.00
# Visual Studio Version 16
VisualStudioVersion = 16.0.30011.22
MinimumVisualStudioVersion = 10.0.40219.1
Project("{FAE04EC0-301F-11D3-BF4B-00C04F79EFBC}") = "Strategy_pattern_try2", "Strategy_pattern_try2\Strategy_pattern_try2.csproj", "{1AD083A9-379B-4EE4-B92C-A0D47B95F8EF}"
EndProject
Global
	GlobalSection(SolutionConfigurationPlatforms) = preSolution
		Debug|Any CPU = Debug|Any CPU
		Release|Any CPU = Release|Any CPU
	EndGlobalSection
	GlobalSection(ProjectConfigurationPlatforms) = postSolution
		{1AD083A9-379B-4EE4-B92C-A0D47B95F8EF}.Debug|Any CPU.ActiveCfg = Debug|Any CPU
		{1AD083A9-379B-4EE4-B92C-A0D47B95F8EF}.Debug|Any CPU.Build.0 = Debug|Any CPU
		{1AD083A9-379B-4EE4-B92C-A0D47B95F8EF}.Release|Any CPU.ActiveCfg = Release|Any CPU
		{1AD083A9-379B-4EE4-B92C-A0D47B95F8EF}.Release|Any CPU.Build.0 = Release|Any CPU
	EndGlobalSection
	GlobalSection(SolutionProperties) = preSolution
		HideSolutionNode = FALSE
	EndGlobalSection
	GlobalSection(ExtensibilityGlobals) = postSolution
		SolutionGuid = {C9345F68-69A6-4E14-A00A-D41699A745E2}
	EndGlobalSection
EndGlobal
